{
  "name": "overall-production-buildings-cost",
  "version": "1.0.0",
  "lockfileVersion": 1,
  "requires": true,
  "dependencies": {
    "@hexcom/starchive": {
      "version": "0.1.0",
      "resolved": "https://registry.npmjs.org/@hexcom/starchive/-/starchive-0.1.0.tgz",
      "integrity": "sha512-ZxNM2cQyi2nJNMC4FnSAfBQRqA52lsSX8abFLCD2vqsrzgdYcVZVo3FhnpCt3sceKmxwlpcMze6S3soAuTVWBg=="
    }
  }
}
